
Microsoft Visual Studio Solution File, Format Version 12.00
# Visual Studio Version 17
VisualStudioVersion = 17.0.31903.59
MinimumVisualStudioVersion = 10.0.40219.1
Project("{2150E333-8FDC-42A3-9474-1A3956D46DE8}") = "Solution Items", "Solution Items", "{A3201EE5-D642-47AB-A28E-ADCF5410DD74}"
	ProjectSection(SolutionItems) = preProject
		.dockerignore = .dockerignore
		.gitignore = .gitignore
		build-and-test.yml = build-and-test.yml
		docker-deploy.yml = docker-deploy.yml
		Dockerfile = Dockerfile
	EndProjectSection
EndProject
Project("{2150E333-8FDC-42A3-9474-1A3956D46DE8}") = "Trade", "Trade", "{347E5119-887E-4EA8-9890-C408C780FD4C}"
EndProject
Project("{2150E333-8FDC-42A3-9474-1A3956D46DE8}") = "Administration", "Administration", "{4B77389B-01D6-4062-ABBE-933D6127FC21}"
EndProject
Project("{2150E333-8FDC-42A3-9474-1A3956D46DE8}") = "Common", "Common", "{CCB98602-FCB2-4918-9E80-28EF562CF5C7}"
EndProject
Project("{9A19103F-16F7-4668-BE54-9A1E7A4F7556}") = "Stonks.Trade.Application", "Stonks.Trade.Application\Stonks.Trade.Application.csproj", "{CDD475AB-6D42-46BC-BBF6-2E75B5166EEB}"
EndProject
Project("{9A19103F-16F7-4668-BE54-9A1E7A4F7556}") = "Stonks.Trade.Db", "Stonks.Trade.Db\Stonks.Trade.Db.csproj", "{B0BB4119-0F56-493D-B74C-7AD0215A2C4B}"
EndProject
Project("{9A19103F-16F7-4668-BE54-9A1E7A4F7556}") = "Stonks.Trade.Domain", "Stonks.Trade.Domain\Stonks.Trade.Domain.csproj", "{D463A825-1920-4FD0-A3A3-8AC1F56BB7C4}"
EndProject
Project("{9A19103F-16F7-4668-BE54-9A1E7A4F7556}") = "Stonks.Trade.WebApi", "Stonks.Trade.WebApi\Stonks.Trade.WebApi.csproj", "{8E14ABFD-1888-4695-BF36-65479A72BEC1}"
EndProject
Project("{9A19103F-16F7-4668-BE54-9A1E7A4F7556}") = "Stonks.Trade.Tests", "Stonks.Trade.Tests\Stonks.Trade.Tests.csproj", "{D83EE13A-6379-4CBE-8404-B8E8F2C2ED73}"
EndProject
Project("{9A19103F-16F7-4668-BE54-9A1E7A4F7556}") = "Stonks.Common.Db", "Stonks.Common.Db\Stonks.Common.Db.csproj", "{8EA2E9CB-B775-401D-B17E-799128DC88B9}"
EndProject
Project("{9A19103F-16F7-4668-BE54-9A1E7A4F7556}") = "Stonks.Common.WebApi", "Stonks.Common.Start\Stonks.Common.WebApi.csproj", "{5ABF0CC2-C411-46FB-A589-9266E93BD619}"
EndProject
Project("{9A19103F-16F7-4668-BE54-9A1E7A4F7556}") = "Stonks.Common.Utils", "Stonks.Common.Utils\Stonks.Common.Utils.csproj", "{6C57FD79-2C65-46CA-A44D-537644626433}"
EndProject
Project("{9A19103F-16F7-4668-BE54-9A1E7A4F7556}") = "Stonks.Common.Utils.Tests", "Stonks.Common.Utils.Tests\Stonks.Common.Utils.Tests.csproj", "{CE3AE6E8-29B8-40D5-9B1B-FFC39A45A9B5}"
EndProject
Project("{9A19103F-16F7-4668-BE54-9A1E7A4F7556}") = "Stonks.Administration.Application", "Stonks.Administration.Application\Stonks.Administration.Application.csproj", "{8A7990D6-079C-4652-A8FC-72679C384D0F}"
EndProject
Project("{9A19103F-16F7-4668-BE54-9A1E7A4F7556}") = "Stonks.Administration.Db", "Stonks.Administration.Db\Stonks.Administration.Db.csproj", "{3AAEF67A-AA02-4644-82F8-AFD8D66F1248}"
EndProject
Project("{9A19103F-16F7-4668-BE54-9A1E7A4F7556}") = "Stonks.Administration.Domain", "Stonks.Administration.Domain\Stonks.Administration.Domain.csproj", "{32973ACA-B2AE-41CB-A54C-2AED061333A0}"
EndProject
Project("{9A19103F-16F7-4668-BE54-9A1E7A4F7556}") = "Stonks.Administration.Tests", "Stonks.Administration.Tests\Stonks.Administration.Tests.csproj", "{93A01A6D-EB03-4D16-9999-4D2D3DB3EC9B}"
EndProject
Project("{9A19103F-16F7-4668-BE54-9A1E7A4F7556}") = "Stonks.Administration.WebApi", "Stonks.Administration.WebApi\Stonks.Administration.WebApi.csproj", "{F565C849-8E16-4EE0-9E9E-CBC8DB022016}"
EndProject
Project("{2150E333-8FDC-42A3-9474-1A3956D46DE8}") = "Auth", "Auth", "{C4C41C32-ECB1-4046-9B05-8B1EBE77EBB2}"
EndProject
Project("{9A19103F-16F7-4668-BE54-9A1E7A4F7556}") = "Stonks.Auth.Application", "Stonks.Auth.Application\Stonks.Auth.Application.csproj", "{2F9E5ED7-DD40-4D79-9AA7-B2F10F2CAB32}"
EndProject
Project("{9A19103F-16F7-4668-BE54-9A1E7A4F7556}") = "Stonks.Auth.Db", "Stonks.Auth.Db\Stonks.Auth.Db.csproj", "{2307BFBC-18AD-4113-819A-4035CCCC456E}"
EndProject
Project("{9A19103F-16F7-4668-BE54-9A1E7A4F7556}") = "Stonks.Auth.Domain", "Stonks.Auth.Domain\Stonks.Auth.Domain.csproj", "{54F61DA2-A417-4F3A-BFAF-6701E6407E29}"
EndProject
Project("{9A19103F-16F7-4668-BE54-9A1E7A4F7556}") = "Stonks.Auth.Tests", "Stonks.Auth.Tests\Stonks.Auth.Tests.csproj", "{85C29755-BB22-49AA-966E-67E6AC61B2E9}"
EndProject
Project("{9A19103F-16F7-4668-BE54-9A1E7A4F7556}") = "Stonks.Auth.WebApi", "Stonks.Auth.WebApi\Stonks.Auth.WebApi.csproj", "{462DBC28-4574-43A7-A607-CB1029651F01}"
EndProject
Global
	GlobalSection(SolutionConfigurationPlatforms) = preSolution
		Debug|Any CPU = Debug|Any CPU
		Release|Any CPU = Release|Any CPU
	EndGlobalSection
	GlobalSection(ProjectConfigurationPlatforms) = postSolution
		{CDD475AB-6D42-46BC-BBF6-2E75B5166EEB}.Debug|Any CPU.ActiveCfg = Debug|Any CPU
		{CDD475AB-6D42-46BC-BBF6-2E75B5166EEB}.Debug|Any CPU.Build.0 = Debug|Any CPU
		{CDD475AB-6D42-46BC-BBF6-2E75B5166EEB}.Release|Any CPU.ActiveCfg = Release|Any CPU
		{CDD475AB-6D42-46BC-BBF6-2E75B5166EEB}.Release|Any CPU.Build.0 = Release|Any CPU
		{B0BB4119-0F56-493D-B74C-7AD0215A2C4B}.Debug|Any CPU.ActiveCfg = Debug|Any CPU
		{B0BB4119-0F56-493D-B74C-7AD0215A2C4B}.Debug|Any CPU.Build.0 = Debug|Any CPU
		{B0BB4119-0F56-493D-B74C-7AD0215A2C4B}.Release|Any CPU.ActiveCfg = Release|Any CPU
		{B0BB4119-0F56-493D-B74C-7AD0215A2C4B}.Release|Any CPU.Build.0 = Release|Any CPU
		{D463A825-1920-4FD0-A3A3-8AC1F56BB7C4}.Debug|Any CPU.ActiveCfg = Debug|Any CPU
		{D463A825-1920-4FD0-A3A3-8AC1F56BB7C4}.Debug|Any CPU.Build.0 = Debug|Any CPU
		{D463A825-1920-4FD0-A3A3-8AC1F56BB7C4}.Release|Any CPU.ActiveCfg = Release|Any CPU
		{D463A825-1920-4FD0-A3A3-8AC1F56BB7C4}.Release|Any CPU.Build.0 = Release|Any CPU
		{8E14ABFD-1888-4695-BF36-65479A72BEC1}.Debug|Any CPU.ActiveCfg = Debug|Any CPU
		{8E14ABFD-1888-4695-BF36-65479A72BEC1}.Debug|Any CPU.Build.0 = Debug|Any CPU
		{8E14ABFD-1888-4695-BF36-65479A72BEC1}.Release|Any CPU.ActiveCfg = Release|Any CPU
		{8E14ABFD-1888-4695-BF36-65479A72BEC1}.Release|Any CPU.Build.0 = Release|Any CPU
		{D83EE13A-6379-4CBE-8404-B8E8F2C2ED73}.Debug|Any CPU.ActiveCfg = Debug|Any CPU
		{D83EE13A-6379-4CBE-8404-B8E8F2C2ED73}.Debug|Any CPU.Build.0 = Debug|Any CPU
		{D83EE13A-6379-4CBE-8404-B8E8F2C2ED73}.Release|Any CPU.ActiveCfg = Release|Any CPU
		{D83EE13A-6379-4CBE-8404-B8E8F2C2ED73}.Release|Any CPU.Build.0 = Release|Any CPU
		{8EA2E9CB-B775-401D-B17E-799128DC88B9}.Debug|Any CPU.ActiveCfg = Debug|Any CPU
		{8EA2E9CB-B775-401D-B17E-799128DC88B9}.Debug|Any CPU.Build.0 = Debug|Any CPU
		{8EA2E9CB-B775-401D-B17E-799128DC88B9}.Release|Any CPU.ActiveCfg = Release|Any CPU
		{8EA2E9CB-B775-401D-B17E-799128DC88B9}.Release|Any CPU.Build.0 = Release|Any CPU
		{5ABF0CC2-C411-46FB-A589-9266E93BD619}.Debug|Any CPU.ActiveCfg = Debug|Any CPU
		{5ABF0CC2-C411-46FB-A589-9266E93BD619}.Debug|Any CPU.Build.0 = Debug|Any CPU
		{5ABF0CC2-C411-46FB-A589-9266E93BD619}.Release|Any CPU.ActiveCfg = Release|Any CPU
		{5ABF0CC2-C411-46FB-A589-9266E93BD619}.Release|Any CPU.Build.0 = Release|Any CPU
		{6C57FD79-2C65-46CA-A44D-537644626433}.Debug|Any CPU.ActiveCfg = Debug|Any CPU
		{6C57FD79-2C65-46CA-A44D-537644626433}.Debug|Any CPU.Build.0 = Debug|Any CPU
		{6C57FD79-2C65-46CA-A44D-537644626433}.Release|Any CPU.ActiveCfg = Release|Any CPU
		{6C57FD79-2C65-46CA-A44D-537644626433}.Release|Any CPU.Build.0 = Release|Any CPU
		{CE3AE6E8-29B8-40D5-9B1B-FFC39A45A9B5}.Debug|Any CPU.ActiveCfg = Debug|Any CPU
		{CE3AE6E8-29B8-40D5-9B1B-FFC39A45A9B5}.Debug|Any CPU.Build.0 = Debug|Any CPU
		{CE3AE6E8-29B8-40D5-9B1B-FFC39A45A9B5}.Release|Any CPU.ActiveCfg = Release|Any CPU
		{CE3AE6E8-29B8-40D5-9B1B-FFC39A45A9B5}.Release|Any CPU.Build.0 = Release|Any CPU
		{8A7990D6-079C-4652-A8FC-72679C384D0F}.Debug|Any CPU.ActiveCfg = Debug|Any CPU
		{8A7990D6-079C-4652-A8FC-72679C384D0F}.Debug|Any CPU.Build.0 = Debug|Any CPU
		{8A7990D6-079C-4652-A8FC-72679C384D0F}.Release|Any CPU.ActiveCfg = Release|Any CPU
		{8A7990D6-079C-4652-A8FC-72679C384D0F}.Release|Any CPU.Build.0 = Release|Any CPU
		{3AAEF67A-AA02-4644-82F8-AFD8D66F1248}.Debug|Any CPU.ActiveCfg = Debug|Any CPU
		{3AAEF67A-AA02-4644-82F8-AFD8D66F1248}.Debug|Any CPU.Build.0 = Debug|Any CPU
		{3AAEF67A-AA02-4644-82F8-AFD8D66F1248}.Release|Any CPU.ActiveCfg = Release|Any CPU
		{3AAEF67A-AA02-4644-82F8-AFD8D66F1248}.Release|Any CPU.Build.0 = Release|Any CPU
		{32973ACA-B2AE-41CB-A54C-2AED061333A0}.Debug|Any CPU.ActiveCfg = Debug|Any CPU
		{32973ACA-B2AE-41CB-A54C-2AED061333A0}.Debug|Any CPU.Build.0 = Debug|Any CPU
		{32973ACA-B2AE-41CB-A54C-2AED061333A0}.Release|Any CPU.ActiveCfg = Release|Any CPU
		{32973ACA-B2AE-41CB-A54C-2AED061333A0}.Release|Any CPU.Build.0 = Release|Any CPU
		{93A01A6D-EB03-4D16-9999-4D2D3DB3EC9B}.Debug|Any CPU.ActiveCfg = Debug|Any CPU
		{93A01A6D-EB03-4D16-9999-4D2D3DB3EC9B}.Debug|Any CPU.Build.0 = Debug|Any CPU
		{93A01A6D-EB03-4D16-9999-4D2D3DB3EC9B}.Release|Any CPU.ActiveCfg = Release|Any CPU
		{93A01A6D-EB03-4D16-9999-4D2D3DB3EC9B}.Release|Any CPU.Build.0 = Release|Any CPU
		{F565C849-8E16-4EE0-9E9E-CBC8DB022016}.Debug|Any CPU.ActiveCfg = Debug|Any CPU
		{F565C849-8E16-4EE0-9E9E-CBC8DB022016}.Debug|Any CPU.Build.0 = Debug|Any CPU
		{F565C849-8E16-4EE0-9E9E-CBC8DB022016}.Release|Any CPU.ActiveCfg = Release|Any CPU
		{F565C849-8E16-4EE0-9E9E-CBC8DB022016}.Release|Any CPU.Build.0 = Release|Any CPU
		{2F9E5ED7-DD40-4D79-9AA7-B2F10F2CAB32}.Debug|Any CPU.ActiveCfg = Debug|Any CPU
		{2F9E5ED7-DD40-4D79-9AA7-B2F10F2CAB32}.Debug|Any CPU.Build.0 = Debug|Any CPU
		{2F9E5ED7-DD40-4D79-9AA7-B2F10F2CAB32}.Release|Any CPU.ActiveCfg = Release|Any CPU
		{2F9E5ED7-DD40-4D79-9AA7-B2F10F2CAB32}.Release|Any CPU.Build.0 = Release|Any CPU
		{2307BFBC-18AD-4113-819A-4035CCCC456E}.Debug|Any CPU.ActiveCfg = Debug|Any CPU
		{2307BFBC-18AD-4113-819A-4035CCCC456E}.Debug|Any CPU.Build.0 = Debug|Any CPU
		{2307BFBC-18AD-4113-819A-4035CCCC456E}.Release|Any CPU.ActiveCfg = Release|Any CPU
		{2307BFBC-18AD-4113-819A-4035CCCC456E}.Release|Any CPU.Build.0 = Release|Any CPU
		{54F61DA2-A417-4F3A-BFAF-6701E6407E29}.Debug|Any CPU.ActiveCfg = Debug|Any CPU
		{54F61DA2-A417-4F3A-BFAF-6701E6407E29}.Debug|Any CPU.Build.0 = Debug|Any CPU
		{54F61DA2-A417-4F3A-BFAF-6701E6407E29}.Release|Any CPU.ActiveCfg = Release|Any CPU
		{54F61DA2-A417-4F3A-BFAF-6701E6407E29}.Release|Any CPU.Build.0 = Release|Any CPU
		{85C29755-BB22-49AA-966E-67E6AC61B2E9}.Debug|Any CPU.ActiveCfg = Debug|Any CPU
		{85C29755-BB22-49AA-966E-67E6AC61B2E9}.Debug|Any CPU.Build.0 = Debug|Any CPU
		{85C29755-BB22-49AA-966E-67E6AC61B2E9}.Release|Any CPU.ActiveCfg = Release|Any CPU
		{85C29755-BB22-49AA-966E-67E6AC61B2E9}.Release|Any CPU.Build.0 = Release|Any CPU
		{462DBC28-4574-43A7-A607-CB1029651F01}.Debug|Any CPU.ActiveCfg = Debug|Any CPU
		{462DBC28-4574-43A7-A607-CB1029651F01}.Debug|Any CPU.Build.0 = Debug|Any CPU
		{462DBC28-4574-43A7-A607-CB1029651F01}.Release|Any CPU.ActiveCfg = Release|Any CPU
		{462DBC28-4574-43A7-A607-CB1029651F01}.Release|Any CPU.Build.0 = Release|Any CPU
	EndGlobalSection
	GlobalSection(SolutionProperties) = preSolution
		HideSolutionNode = FALSE
	EndGlobalSection
	GlobalSection(NestedProjects) = preSolution
		{CDD475AB-6D42-46BC-BBF6-2E75B5166EEB} = {347E5119-887E-4EA8-9890-C408C780FD4C}
		{B0BB4119-0F56-493D-B74C-7AD0215A2C4B} = {347E5119-887E-4EA8-9890-C408C780FD4C}
		{D463A825-1920-4FD0-A3A3-8AC1F56BB7C4} = {347E5119-887E-4EA8-9890-C408C780FD4C}
		{8E14ABFD-1888-4695-BF36-65479A72BEC1} = {347E5119-887E-4EA8-9890-C408C780FD4C}
		{D83EE13A-6379-4CBE-8404-B8E8F2C2ED73} = {347E5119-887E-4EA8-9890-C408C780FD4C}
		{8EA2E9CB-B775-401D-B17E-799128DC88B9} = {CCB98602-FCB2-4918-9E80-28EF562CF5C7}
		{5ABF0CC2-C411-46FB-A589-9266E93BD619} = {CCB98602-FCB2-4918-9E80-28EF562CF5C7}
		{6C57FD79-2C65-46CA-A44D-537644626433} = {CCB98602-FCB2-4918-9E80-28EF562CF5C7}
		{CE3AE6E8-29B8-40D5-9B1B-FFC39A45A9B5} = {CCB98602-FCB2-4918-9E80-28EF562CF5C7}
		{8A7990D6-079C-4652-A8FC-72679C384D0F} = {4B77389B-01D6-4062-ABBE-933D6127FC21}
		{3AAEF67A-AA02-4644-82F8-AFD8D66F1248} = {4B77389B-01D6-4062-ABBE-933D6127FC21}
		{32973ACA-B2AE-41CB-A54C-2AED061333A0} = {4B77389B-01D6-4062-ABBE-933D6127FC21}
		{93A01A6D-EB03-4D16-9999-4D2D3DB3EC9B} = {4B77389B-01D6-4062-ABBE-933D6127FC21}
		{F565C849-8E16-4EE0-9E9E-CBC8DB022016} = {4B77389B-01D6-4062-ABBE-933D6127FC21}
		{2F9E5ED7-DD40-4D79-9AA7-B2F10F2CAB32} = {C4C41C32-ECB1-4046-9B05-8B1EBE77EBB2}
		{2307BFBC-18AD-4113-819A-4035CCCC456E} = {C4C41C32-ECB1-4046-9B05-8B1EBE77EBB2}
		{54F61DA2-A417-4F3A-BFAF-6701E6407E29} = {C4C41C32-ECB1-4046-9B05-8B1EBE77EBB2}
		{85C29755-BB22-49AA-966E-67E6AC61B2E9} = {C4C41C32-ECB1-4046-9B05-8B1EBE77EBB2}
		{462DBC28-4574-43A7-A607-CB1029651F01} = {C4C41C32-ECB1-4046-9B05-8B1EBE77EBB2}
	EndGlobalSection
	GlobalSection(ExtensibilityGlobals) = postSolution
		SolutionGuid = {009EFD80-1DC8-46A6-B393-C68E0EE68819}
	EndGlobalSection
EndGlobal
